<Solution>
  <Configurations>
    <Platform Name="x64" />
    <Platform Name="x86" />
  </Configurations>
  <Project Path="../ArrayAndPointers/ArrayAndPointers.vcxproj" Id="e4ff3d09-8dd7-41e5-b901-eec832fbb01f" />
  <Project Path="../Auto/Auto.vcxproj" Id="45bf60a1-3058-4f93-9934-6d331757bbc0" />
  <Project Path="../BitwiseOperator/BitwiseOperator.vcxproj" Id="adb51d9b-d706-4c11-8f28-5a44119e4757" />
  <Project Path="../Build Process/Build Process.vcxproj" Id="9169a4ac-8c0d-4b8e-9fd0-f3da7b79e665" />
  <Project Path="../Characters/Characters.vcxproj" Id="abb2d88f-767e-4aa6-bddf-e936fa7cfe71" />
  <Project Path="../Class and constructor/Class and constructor.vcxproj" Id="ef7d125d-a4b5-400e-a488-c54955178b30" />
  <Project Path="../Class template/Class template.vcxproj" Id="627beb6f-da40-4a95-9fb5-5ff71f8bbbea" />
  <Project Path="../Enums/Enums.vcxproj" Id="6a986cc0-a9f3-4109-a23c-33aa1afb43f3" />
  <Project Path="../Error handling and callback function/Error handling and callback function.vcxproj" Id="f92ebf79-e111-41a7-9761-680dee261af0" />
  <Project Path="../File IO/File IO.vcxproj" Id="69a494be-8ff9-4a48-9f53-ab5f2ee00d5d" />
  <Project Path="../Float/Float.vcxproj" Id="d285f1d1-3039-4d6d-b830-245d2ef1ab47" />
  <Project Path="../Flow control/Flow control.vcxproj" Id="538062b2-3c09-44b6-872a-90fc72fb76b5" />
  <Project Path="../Functions/Functions.vcxproj" Id="e3ed579d-d423-4403-9d06-10af22120ab6" />
  <Project Path="../Function_template/Function_template.vcxproj" Id="a361cc6e-f648-4d21-8fc1-9ed67864ba32" />
  <Project Path="../Integrals/Integrals.vcxproj" Id="0577b33c-d4a0-4b6d-9f8f-6ef26afb3ea6" />
  <Project Path="../IO (input - output)/IO (input - output).vcxproj" Id="9c7b427b-75ab-478e-91ec-fc25d4121610" />
  <Project Path="../Lambdas expression/Lambdas expression.vcxproj" Id="e46ac7ee-65e1-41cd-b2bf-dd5b06d7e625" />
  <Project Path="../Operator overloading &amp; unary, conversion, subscript, suffix/Operator overloading &amp; unary, conversion, subscript, suffix.vcxproj" Id="9ef43f33-0b53-4a0e-acb2-d61f4756d1f5" />
  <Project Path="../OperatorAndOperand/OperatorAndOperand.vcxproj" Id="d36464ea-48b1-4dc5-b864-414014fc4b7c" />
  <Project Path="../PointerAndAdressPTR/PointerAndAdressPTR.vcxproj" Id="a5d4c094-bcc0-4146-ae44-5c5ed8d25390" />
  <Project Path="../PointerPTRSmart/PointerPTRSmart.vcxproj" Id="092f226a-8f6f-43d2-b63c-fc6fc14a276c" />
  <Project Path="../Semantics/Semantics.vcxproj" Id="681ef218-06a4-43b8-946d-a1d2b6514479" />
  <Project Path="../Type-conversion/Type-conversion.vcxproj" Id="8da9fce6-bd1f-4e30-bcd4-d7a32b8f0b19" />
  <Project Path="Hello_world.vcxproj" Id="0fe16b33-c8ae-4c9f-be37-fda92152a35c" />
</Solution>
